commons-codec:commons-codec:1.10:default
commons-logging:commons-logging:1.2:default
io.ktor:ktor-client-apache:1.6.7:default
io.ktor:ktor-client-core:1.6.7:default
io.ktor:ktor-client-core-jvm:1.6.7:default
io.ktor:ktor-http:1.6.7:default
io.ktor:ktor-http-cio:1.6.7:default
io.ktor:ktor-http-cio-jvm:1.6.7:default
io.ktor:ktor-http-jvm:1.6.7:default
io.ktor:ktor-io:1.6.7:default
io.ktor:ktor-io-jvm:1.6.7:default
io.ktor:ktor-network-jvm:1.6.7:default
io.ktor:ktor-utils:1.6.7:default
io.ktor:ktor-utils-jvm:1.6.7:default
org.apache.httpcomponents:httpasyncclient:4.1.4:default
org.apache.httpcomponents:httpclient:4.5.6:default
org.apache.httpcomponents:httpcore:4.4.14:default
org.apache.httpcomponents:httpcore-nio:4.4.14:default
org.jetbrains:annotations:13.0:default
org.jetbrains.kotlin:kotlin-stdlib:1.6.0:default
org.jetbrains.kotlin:kotlin-stdlib-common:1.6.0:default
org.jetbrains.kotlin:kotlin-stdlib-jdk7:1.6.0:default
org.jetbrains.kotlin:kotlin-stdlib-jdk8:1.6.0:default
org.jetbrains.kotlinx:atomicfu:0.17.0:default
org.jetbrains.kotlinx:atomicfu-jvm:0.17.0:default
org.jetbrains.kotlinx:kotlinx-cli:0.3.4:default
org.jetbrains.kotlinx:kotlinx-coroutines-core:1.5.2-native-mt:default
org.jetbrains.kotlinx:kotlinx-coroutines-core-jvm:1.5.2-native-mt:default
org.slf4j:slf4j-api:1.7.32:default
